
Microsoft Visual Studio Solution File, Format Version 12.00
# Visual Studio Version 17
VisualStudioVersion = 17.4.33122.133
MinimumVisualStudioVersion = 10.0.40219.1
Project("{FAE04EC0-301F-11D3-BF4B-00C04F79EFBC}") = "UNO", "UNO\UNO.csproj", "{1849FB0C-4F90-41CD-8097-69DE81FD34B6}"
EndProject
Global
	GlobalSection(SolutionConfigurationPlatforms) = preSolution
		Debug|Any CPU = Debug|Any CPU
		Release|Any CPU = Release|Any CPU
	EndGlobalSection
	GlobalSection(ProjectConfigurationPlatforms) = postSolution
		{1849FB0C-4F90-41CD-8097-69DE81FD34B6}.Debug|Any CPU.ActiveCfg = Debug|Any CPU
		{1849FB0C-4F90-41CD-8097-69DE81FD34B6}.Debug|Any CPU.Build.0 = Debug|Any CPU
		{1849FB0C-4F90-41CD-8097-69DE81FD34B6}.Release|Any CPU.ActiveCfg = Release|Any CPU
		{1849FB0C-4F90-41CD-8097-69DE81FD34B6}.Release|Any CPU.Build.0 = Release|Any CPU
	EndGlobalSection
	GlobalSection(SolutionProperties) = preSolution
		HideSolutionNode = FALSE
	EndGlobalSection
	GlobalSection(ExtensibilityGlobals) = postSolution
		SolutionGuid = {63B2DAF0-9CAE-4998-B908-5DA057818470}
	EndGlobalSection
EndGlobal
